
Microsoft Visual Studio Solution File, Format Version 12.00
# Visual Studio 15
VisualStudioVersion = 15.0.28307.271
MinimumVisualStudioVersion = 10.0.40219.1
Project("{8BC9CEB8-8B4A-11D0-8D11-00A0C91BC942}") = "MDL_Test", "MDL_Test\MDL_Test.vcxproj", "{4059F1E1-2122-4560-BCDD-D70BDDB6C4C3}"
EndProject
Global
	GlobalSection(SolutionConfigurationPlatforms) = preSolution
		Debug|x64 = Debug|x64
		Debug|x86 = Debug|x86
		Release|x64 = Release|x64
		Release|x86 = Release|x86
	EndGlobalSection
	GlobalSection(ProjectConfigurationPlatforms) = postSolution
		{4059F1E1-2122-4560-BCDD-D70BDDB6C4C3}.Debug|x64.ActiveCfg = Debug|x64
		{4059F1E1-2122-4560-BCDD-D70BDDB6C4C3}.Debug|x64.Build.0 = Debug|x64
		{4059F1E1-2122-4560-BCDD-D70BDDB6C4C3}.Debug|x86.ActiveCfg = Debug|Win32
		{4059F1E1-2122-4560-BCDD-D70BDDB6C4C3}.Debug|x86.Build.0 = Debug|Win32
		{4059F1E1-2122-4560-BCDD-D70BDDB6C4C3}.Release|x64.ActiveCfg = Release|x64
		{4059F1E1-2122-4560-BCDD-D70BDDB6C4C3}.Release|x64.Build.0 = Release|x64
		{4059F1E1-2122-4560-BCDD-D70BDDB6C4C3}.Release|x86.ActiveCfg = Release|Win32
		{4059F1E1-2122-4560-BCDD-D70BDDB6C4C3}.Release|x86.Build.0 = Release|Win32
	EndGlobalSection
	GlobalSection(SolutionProperties) = preSolution
		HideSolutionNode = FALSE
	EndGlobalSection
	GlobalSection(ExtensibilityGlobals) = postSolution
		SolutionGuid = {2EC91C39-9C97-41CC-B6F9-126B0D5083F3}
	EndGlobalSection
EndGlobal
