
Microsoft Visual Studio Solution File, Format Version 12.00
# Visual Studio 15
VisualStudioVersion = 15.0.28307.271
MinimumVisualStudioVersion = 10.0.40219.1
Project("{8BC9CEB8-8B4A-11D0-8D11-00A0C91BC942}") = "CustomStartIo", "CustomStartIo\CustomStartIo.vcxproj", "{3978700A-B32E-425C-A33D-67D6E91955DD}"
EndProject
Global
	GlobalSection(SolutionConfigurationPlatforms) = preSolution
		Debug|x64 = Debug|x64
		Debug|x86 = Debug|x86
		Release|x64 = Release|x64
		Release|x86 = Release|x86
	EndGlobalSection
	GlobalSection(ProjectConfigurationPlatforms) = postSolution
		{3978700A-B32E-425C-A33D-67D6E91955DD}.Debug|x64.ActiveCfg = Debug|x64
		{3978700A-B32E-425C-A33D-67D6E91955DD}.Debug|x64.Build.0 = Debug|x64
		{3978700A-B32E-425C-A33D-67D6E91955DD}.Debug|x86.ActiveCfg = Debug|Win32
		{3978700A-B32E-425C-A33D-67D6E91955DD}.Debug|x86.Build.0 = Debug|Win32
		{3978700A-B32E-425C-A33D-67D6E91955DD}.Release|x64.ActiveCfg = Release|x64
		{3978700A-B32E-425C-A33D-67D6E91955DD}.Release|x64.Build.0 = Release|x64
		{3978700A-B32E-425C-A33D-67D6E91955DD}.Release|x86.ActiveCfg = Release|Win32
		{3978700A-B32E-425C-A33D-67D6E91955DD}.Release|x86.Build.0 = Release|Win32
	EndGlobalSection
	GlobalSection(SolutionProperties) = preSolution
		HideSolutionNode = FALSE
	EndGlobalSection
	GlobalSection(ExtensibilityGlobals) = postSolution
		SolutionGuid = {789DA1E5-BA33-4C71-960D-243D578F8E2D}
	EndGlobalSection
EndGlobal
