
Microsoft Visual Studio Solution File, Format Version 9.00
# Visual Studio 2005
Project("{8BC9CEB8-8B4A-11D0-8D11-00A0C91BC942}") = "DriverDev", "DriverDev.vcproj", "{FAED7442-5809-42CA-A48D-2410DD0BA1DF}"
EndProject
Global
	GlobalSection(SolutionConfigurationPlatforms) = preSolution
		Driver Check Edtion|Win32 = Driver Check Edtion|Win32
	EndGlobalSection
	GlobalSection(ProjectConfigurationPlatforms) = postSolution
		{FAED7442-5809-42CA-A48D-2410DD0BA1DF}.Driver Check Edtion|Win32.ActiveCfg = Driver Check Edtion|Win32
		{FAED7442-5809-42CA-A48D-2410DD0BA1DF}.Driver Check Edtion|Win32.Build.0 = Driver Check Edtion|Win32
	EndGlobalSection
	GlobalSection(SolutionProperties) = preSolution
		HideSolutionNode = FALSE
	EndGlobalSection
EndGlobal
